
Microsoft Visual Studio Solution File, Format Version 12.00
# Visual Studio Version 17
VisualStudioVersion = 17.3.32922.545
MinimumVisualStudioVersion = 10.0.40219.1
Project("{FAE04EC0-301F-11D3-BF4B-00C04F79EFBC}") = "BinarySearchTree", "BinarySearchTree.csproj", "{7875BD20-6F49-4B2E-AE98-CB46F6962518}"
EndProject
Global
	GlobalSection(SolutionConfigurationPlatforms) = preSolution
		Debug|Any CPU = Debug|Any CPU
		Release|Any CPU = Release|Any CPU
	EndGlobalSection
	GlobalSection(ProjectConfigurationPlatforms) = postSolution
		{7875BD20-6F49-4B2E-AE98-CB46F6962518}.Debug|Any CPU.ActiveCfg = Debug|Any CPU
		{7875BD20-6F49-4B2E-AE98-CB46F6962518}.Debug|Any CPU.Build.0 = Debug|Any CPU
		{7875BD20-6F49-4B2E-AE98-CB46F6962518}.Release|Any CPU.ActiveCfg = Release|Any CPU
		{7875BD20-6F49-4B2E-AE98-CB46F6962518}.Release|Any CPU.Build.0 = Release|Any CPU
	EndGlobalSection
	GlobalSection(SolutionProperties) = preSolution
		HideSolutionNode = FALSE
	EndGlobalSection
	GlobalSection(ExtensibilityGlobals) = postSolution
		SolutionGuid = {5605E98F-A024-427D-9E4A-EEC474D762FC}
	EndGlobalSection
EndGlobal
